// !$*UTF8*$!
{
	archiveVersion = 1;
	classes = {
	};
	objectVersion = 50;
	objects = {

/* Begin PBXBuildFile section */
		03B906C621BF9BFC00D95826 /* AppDelegate.swift in Sources */ = {isa = PBXBuildFile; fileRef = 03B906C521BF9BFC00D95826 /* AppDelegate.swift */; };
		03B906CD21BF9BFD00D95826 /* Assets.xcassets in Resources */ = {isa = PBXBuildFile; fileRef = 03B906CC21BF9BFD00D95826 /* Assets.xcassets */; };
		03B906D021BF9BFD00D95826 /* LaunchScreen.storyboard in Resources */ = {isa = PBXBuildFile; fileRef = 03B906CE21BF9BFD00D95826 /* LaunchScreen.storyboard */; };
		03B906DE21BF9C7A00D95826 /* HomeVC.swift in Sources */ = {isa = PBXBuildFile; fileRef = 03B906DC21BF9C7A00D95826 /* HomeVC.swift */; };
		03B906DF21BF9C7A00D95826 /* HomeVC.xib in Resources */ = {isa = PBXBuildFile; fileRef = 03B906DD21BF9C7A00D95826 /* HomeVC.xib */; };
		03B906E121BFC34B00D95826 /* SupportClass.swift in Sources */ = {isa = PBXBuildFile; fileRef = 03B906E021BFC34B00D95826 /* SupportClass.swift */; };
		03CC46A321C0EF7900930FA3 /* ConvertTimeVC.swift in Sources */ = {isa = PBXBuildFile; fileRef = 03CC46A121C0EF7900930FA3 /* ConvertTimeVC.swift */; };
		03CC46A421C0EF7900930FA3 /* ConvertTimeVC.xib in Resources */ = {isa = PBXBuildFile; fileRef = 03CC46A221C0EF7900930FA3 /* ConvertTimeVC.xib */; };
/* End PBXBuildFile section */

/* Begin PBXFileReference section */
		03B906C221BF9BFC00D95826 /* BerlinClock.app */ = {isa = PBXFileReference; explicitFileType = wrapper.application; includeInIndex = 0; path = BerlinClock.app; sourceTree = BUILT_PRODUCTS_DIR; };
		03B906C521BF9BFC00D95826 /* AppDelegate.swift */ = {isa = PBXFileReference; lastKnownFileType = sourcecode.swift; path = AppDelegate.swift; sourceTree = "<group>"; };
		03B906CC21BF9BFD00D95826 /* Assets.xcassets */ = {isa = PBXFileReference; lastKnownFileType = folder.assetcatalog; path = Assets.xcassets; sourceTree = "<group>"; };
		03B906CF21BF9BFD00D95826 /* Base */ = {isa = PBXFileReference; lastKnownFileType = file.storyboard; name = Base; path = Base.lproj/LaunchScreen.storyboard; sourceTree = "<group>"; };
		03B906D121BF9BFD00D95826 /* Info.plist */ = {isa = PBXFileReference; lastKnownFileType = text.plist.xml; path = Info.plist; sourceTree = "<group>"; };
		03B906DC21BF9C7A00D95826 /* HomeVC.swift */ = {isa = PBXFileReference; lastKnownFileType = sourcecode.swift; path = HomeVC.swift; sourceTree = "<group>"; };
		03B906DD21BF9C7A00D95826 /* HomeVC.xib */ = {isa = PBXFileReference; lastKnownFileType = file.xib; path = HomeVC.xib; sourceTree = "<group>"; };
		03B906E021BFC34B00D95826 /* SupportClass.swift */ = {isa = PBXFileReference; lastKnownFileType = sourcecode.swift; path = SupportClass.swift; sourceTree = "<group>"; };
		03CC46A121C0EF7900930FA3 /* ConvertTimeVC.swift */ = {isa = PBXFileReference; lastKnownFileType = sourcecode.swift; path = ConvertTimeVC.swift; sourceTree = "<group>"; };
		03CC46A221C0EF7900930FA3 /* ConvertTimeVC.xib */ = {isa = PBXFileReference; lastKnownFileType = file.xib; path = ConvertTimeVC.xib; sourceTree = "<group>"; };
/* End PBXFileReference section */

/* Begin PBXFrameworksBuildPhase section */
		03B906BF21BF9BFC00D95826 /* Frameworks */ = {
			isa = PBXFrameworksBuildPhase;
			buildActionMask = 2147483647;
			files = (
			);
			runOnlyForDeploymentPostprocessing = 0;
		};
/* End PBXFrameworksBuildPhase section */

/* Begin PBXGroup section */
		03B906B921BF9BFC00D95826 = {
			isa = PBXGroup;
			children = (
				03B906C421BF9BFC00D95826 /* BerlinClock */,
				03B906C321BF9BFC00D95826 /* Products */,
			);
			sourceTree = "<group>";
		};
		03B906C321BF9BFC00D95826 /* Products */ = {
			isa = PBXGroup;
			children = (
				03B906C221BF9BFC00D95826 /* BerlinClock.app */,
			);
			name = Products;
			sourceTree = "<group>";
		};
		03B906C421BF9BFC00D95826 /* BerlinClock */ = {
			isa = PBXGroup;
			children = (
				03B906C521BF9BFC00D95826 /* AppDelegate.swift */,
				03B906D921BF9C3B00D95826 /* Model */,
				03B906D821BF9C3600D95826 /* View */,
				03B906D721BF9C2E00D95826 /* Controller */,
				03B906DA21BF9C4100D95826 /* Support */,
				03B906CC21BF9BFD00D95826 /* Assets.xcassets */,
				03B906CE21BF9BFD00D95826 /* LaunchScreen.storyboard */,
				03B906D121BF9BFD00D95826 /* Info.plist */,
			);
			path = BerlinClock;
			sourceTree = "<group>";
		};
		03B906D721BF9C2E00D95826 /* Controller */ = {
			isa = PBXGroup;
			children = (
			);
			path = Controller;
			sourceTree = "<group>";
		};
		03B906D821BF9C3600D95826 /* View */ = {
			isa = PBXGroup;
			children = (
				03CC46A021C0EF5700930FA3 /* ConvertTimeViewC */,
				03B906DB21BF9C5700D95826 /* HomeViewC */,
			);
			path = View;
			sourceTree = "<group>";
		};
		03B906D921BF9C3B00D95826 /* Model */ = {
			isa = PBXGroup;
			children = (
			);
			path = Model;
			sourceTree = "<group>";
		};
		03B906DA21BF9C4100D95826 /* Support */ = {
			isa = PBXGroup;
			children = (
				03B906E021BFC34B00D95826 /* SupportClass.swift */,
			);
			path = Support;
			sourceTree = "<group>";
		};
		03B906DB21BF9C5700D95826 /* HomeViewC */ = {
			isa = PBXGroup;
			children = (
				03B906DC21BF9C7A00D95826 /* HomeVC.swift */,
				03B906DD21BF9C7A00D95826 /* HomeVC.xib */,
			);
			path = HomeViewC;
			sourceTree = "<group>";
		};
		03CC46A021C0EF5700930FA3 /* ConvertTimeViewC */ = {
			isa = PBXGroup;
			children = (
				03CC46A121C0EF7900930FA3 /* ConvertTimeVC.swift */,
				03CC46A221C0EF7900930FA3 /* ConvertTimeVC.xib */,
			);
			path = ConvertTimeViewC;
			sourceTree = "<group>";
		};
/* End PBXGroup section */

/* Begin PBXNativeTarget section */
		03B906C121BF9BFC00D95826 /* BerlinClock */ = {
			isa = PBXNativeTarget;
			buildConfigurationList = 03B906D421BF9BFD00D95826 /* Build configuration list for PBXNativeTarget "BerlinClock" */;
			buildPhases = (
				03B906BE21BF9BFC00D95826 /* Sources */,
				03B906BF21BF9BFC00D95826 /* Frameworks */,
				03B906C021BF9BFC00D95826 /* Resources */,
			);
			buildRules = (
			);
			dependencies = (
			);
			name = BerlinClock;
			productName = BerlinClock;
			productReference = 03B906C221BF9BFC00D95826 /* BerlinClock.app */;
			productType = "com.apple.product-type.application";
		};
/* End PBXNativeTarget section */

/* Begin PBXProject section */
		03B906BA21BF9BFC00D95826 /* Project object */ = {
			isa = PBXProject;
			attributes = {
				LastSwiftUpdateCheck = 1000;
				LastUpgradeCheck = 1000;
				ORGANIZATIONNAME = CGP;
				TargetAttributes = {
					03B906C121BF9BFC00D95826 = {
						CreatedOnToolsVersion = 10.0;
					};
				};
			};
			buildConfigurationList = 03B906BD21BF9BFC00D95826 /* Build configuration list for PBXProject "BerlinClock" */;
			compatibilityVersion = "Xcode 9.3";
			developmentRegion = en;
			hasScannedForEncodings = 0;
			knownRegions = (
				en,
				Base,
			);
			mainGroup = 03B906B921BF9BFC00D95826;
			productRefGroup = 03B906C321BF9BFC00D95826 /* Products */;
			projectDirPath = "";
			projectRoot = "";
			targets = (
				03B906C121BF9BFC00D95826 /* BerlinClock */,
			);
		};
/* End PBXProject section */

/* Begin PBXResourcesBuildPhase section */
		03B906C021BF9BFC00D95826 /* Resources */ = {
			isa = PBXResourcesBuildPhase;
			buildActionMask = 2147483647;
			files = (
				03B906D021BF9BFD00D95826 /* LaunchScreen.storyboard in Resources */,
				03B906DF21BF9C7A00D95826 /* HomeVC.xib in Resources */,
				03B906CD21BF9BFD00D95826 /* Assets.xcassets in Resources */,
				03CC46A421C0EF7900930FA3 /* ConvertTimeVC.xib in Resources */,
			);
			runOnlyForDeploymentPostprocessing = 0;
		};
/* End PBXResourcesBuildPhase section */

/* Begin PBXSourcesBuildPhase section */
		03B906BE21BF9BFC00D95826 /* Sources */ = {
			isa = PBXSourcesBuildPhase;
			buildActionMask = 2147483647;
			files = (
				03B906C621BF9BFC00D95826 /* AppDelegate.swift in Sources */,
				03B906E121BFC34B00D95826 /* SupportClass.swift in Sources */,
				03B906DE21BF9C7A00D95826 /* HomeVC.swift in Sources */,
				03CC46A321C0EF7900930FA3 /* ConvertTimeVC.swift in Sources */,
			);
			runOnlyForDeploymentPostprocessing = 0;
		};
/* End PBXSourcesBuildPhase section */

/* Begin PBXVariantGroup section */
		03B906CE21BF9BFD00D95826 /* LaunchScreen.storyboard */ = {
			isa = PBXVariantGroup;
			children = (
				03B906CF21BF9BFD00D95826 /* Base */,
			);
			name = LaunchScreen.storyboard;
			sourceTree = "<group>";
		};
/* End PBXVariantGroup section */

/* Begin XCBuildConfiguration section */
		03B906D221BF9BFD00D95826 /* Debug */ = {
			isa = XCBuildConfiguration;
			buildSettings = {
				ALWAYS_SEARCH_USER_PATHS = NO;
				CLANG_ANALYZER_NONNULL = YES;
				CLANG_ANALYZER_NUMBER_OBJECT_CONVERSION = YES_AGGRESSIVE;
				CLANG_CXX_LANGUAGE_STANDARD = "gnu++14";
				CLANG_CXX_LIBRARY = "libc++";
				CLANG_ENABLE_MODULES = YES;
				CLANG_ENABLE_OBJC_ARC = YES;
				CLANG_ENABLE_OBJC_WEAK = YES;
				CLANG_WARN_BLOCK_CAPTURE_AUTORELEASING = YES;
				CLANG_WARN_BOOL_CONVERSION = YES;
				CLANG_WARN_COMMA = YES;
				CLANG_WARN_CONSTANT_CONVERSION = YES;
				CLANG_WARN_DEPRECATED_OBJC_IMPLEMENTATIONS = YES;
				CLANG_WARN_DIRECT_OBJC_ISA_USAGE = YES_ERROR;
				CLANG_WARN_DOCUMENTATION_COMMENTS = YES;
				CLANG_WARN_EMPTY_BODY = YES;
				CLANG_WARN_ENUM_CONVERSION = YES;
				CLANG_WARN_INFINITE_RECURSION = YES;
				CLANG_WARN_INT_CONVERSION = YES;
				CLANG_WARN_NON_LITERAL_NULL_CONVERSION = YES;
				CLANG_WARN_OBJC_IMPLICIT_RETAIN_SELF = YES;
				CLANG_WARN_OBJC_LITERAL_CONVERSION = YES;
				CLANG_WARN_OBJC_ROOT_CLASS = YES_ERROR;
				CLANG_WARN_RANGE_LOOP_ANALYSIS = YES;
				CLANG_WARN_STRICT_PROTOTYPES = YES;
				CLANG_WARN_SUSPICIOUS_MOVE = YES;
				CLANG_WARN_UNGUARDED_AVAILABILITY = YES_AGGRESSIVE;
				CLANG_WARN_UNREACHABLE_CODE = YES;
				CLANG_WARN__DUPLICATE_METHOD_MATCH = YES;
				CODE_SIGN_IDENTITY = "iPhone Developer";
				COPY_PHASE_STRIP = NO;
				DEBUG_INFORMATION_FORMAT = dwarf;
				ENABLE_STRICT_OBJC_MSGSEND = YES;
				ENABLE_TESTABILITY = YES;
				GCC_C_LANGUAGE_STANDARD = gnu11;
				GCC_DYNAMIC_NO_PIC = NO;
				GCC_NO_COMMON_BLOCKS = YES;
				GCC_OPTIMIZATION_LEVEL = 0;
				GCC_PREPROCESSOR_DEFINITIONS = (
					"DEBUG=1",
					"$(inherited)",
				);
				GCC_WARN_64_TO_32_BIT_CONVERSION = YES;
				GCC_WARN_ABOUT_RETURN_TYPE = YES_ERROR;
				GCC_WARN_UNDECLARED_SELECTOR = YES;
				GCC_WARN_UNINITIALIZED_AUTOS = YES_AGGRESSIVE;
				GCC_WARN_UNUSED_FUNCTION = YES;
				GCC_WARN_UNUSED_VARIABLE = YES;
				IPHONEOS_DEPLOYMENT_TARGET = 12.0;
				MTL_ENABLE_DEBUG_INFO = INCLUDE_SOURCE;
				MTL_FAST_MATH = YES;
				ONLY_ACTIVE_ARCH = YES;
				SDKROOT = iphoneos;
				SWIFT_ACTIVE_COMPILATION_CONDITIONS = DEBUG;
				SWIFT_OPTIMIZATION_LEVEL = "-Onone";
			};
			name = Debug;
		};
		03B906D321BF9BFD00D95826 /* Release */ = {
			isa = XCBuildConfiguration;
			buildSettings = {
				ALWAYS_SEARCH_USER_PATHS = NO;
				CLANG_ANALYZER_NONNULL = YES;
				CLANG_ANALYZER_NUMBER_OBJECT_CONVERSION = YES_AGGRESSIVE;
				CLANG_CXX_LANGUAGE_STANDARD = "gnu++14";
				CLANG_CXX_LIBRARY = "libc++";
				CLANG_ENABLE_MODULES = YES;
				CLANG_ENABLE_OBJC_ARC = YES;
				CLANG_ENABLE_OBJC_WEAK = YES;
				CLANG_WARN_BLOCK_CAPTURE_AUTORELEASING = YES;
				CLANG_WARN_BOOL_CONVERSION = YES;
				CLANG_WARN_COMMA = YES;
				CLANG_WARN_CONSTANT_CONVERSION = YES;
				CLANG_WARN_DEPRECATED_OBJC_IMPLEMENTATIONS = YES;
				CLANG_WARN_DIRECT_OBJC_ISA_USAGE = YES_ERROR;
				CLANG_WARN_DOCUMENTATION_COMMENTS = YES;
				CLANG_WARN_EMPTY_BODY = YES;
				CLANG_WARN_ENUM_CONVERSION = YES;
				CLANG_WARN_INFINITE_RECURSION = YES;
				CLANG_WARN_INT_CONVERSION = YES;
				CLANG_WARN_NON_LITERAL_NULL_CONVERSION = YES;
				CLANG_WARN_OBJC_IMPLICIT_RETAIN_SELF = YES;
				CLANG_WARN_OBJC_LITERAL_CONVERSION = YES;
				CLANG_WARN_OBJC_ROOT_CLASS = YES_ERROR;
				CLANG_WARN_RANGE_LOOP_ANALYSIS = YES;
				CLANG_WARN_STRICT_PROTOTYPES = YES;
				CLANG_WARN_SUSPICIOUS_MOVE = YES;
				CLANG_WARN_UNGUARDED_AVAILABILITY = YES_AGGRESSIVE;
				CLANG_WARN_UNREACHABLE_CODE = YES;
				CLANG_WARN__DUPLICATE_METHOD_MATCH = YES;
				CODE_SIGN_IDENTITY = "iPhone Developer";
				COPY_PHASE_STRIP = NO;
				DEBUG_INFORMATION_FORMAT = "dwarf-with-dsym";
				ENABLE_NS_ASSERTIONS = NO;
				ENABLE_STRICT_OBJC_MSGSEND = YES;
				GCC_C_LANGUAGE_STANDARD = gnu11;
				GCC_NO_COMMON_BLOCKS = YES;
				GCC_WARN_64_TO_32_BIT_CONVERSION = YES;
				GCC_WARN_ABOUT_RETURN_TYPE = YES_ERROR;
				GCC_WARN_UNDECLARED_SELECTOR = YES;
				GCC_WARN_UNINITIALIZED_AUTOS = YES_AGGRESSIVE;
				GCC_WARN_UNUSED_FUNCTION = YES;
				GCC_WARN_UNUSED_VARIABLE = YES;
				IPHONEOS_DEPLOYMENT_TARGET = 12.0;
				MTL_ENABLE_DEBUG_INFO = NO;
				MTL_FAST_MATH = YES;
				SDKROOT = iphoneos;
				SWIFT_COMPILATION_MODE = wholemodule;
				SWIFT_OPTIMIZATION_LEVEL = "-O";
				VALIDATE_PRODUCT = YES;
			};
			name = Release;
		};
		03B906D521BF9BFD00D95826 /* Debug */ = {
			isa = XCBuildConfiguration;
			buildSettings = {
				ASSETCATALOG_COMPILER_APPICON_NAME = AppIcon;
				CODE_SIGN_STYLE = Automatic;
				INFOPLIST_FILE = BerlinClock/Info.plist;
				IPHONEOS_DEPLOYMENT_TARGET = 10.0;
				LD_RUNPATH_SEARCH_PATHS = (
					"$(inherited)",
					"@executable_path/Frameworks",
				);
				PRODUCT_BUNDLE_IDENTIFIER = CGP.BerlinClock;
				PRODUCT_NAME = "$(TARGET_NAME)";
				SWIFT_VERSION = 4.2;
				TARGETED_DEVICE_FAMILY = 1;
			};
			name = Debug;
		};
		03B906D621BF9BFD00D95826 /* Release */ = {
			isa = XCBuildConfiguration;
			buildSettings = {
				ASSETCATALOG_COMPILER_APPICON_NAME = AppIcon;
				CODE_SIGN_STYLE = Automatic;
				INFOPLIST_FILE = BerlinClock/Info.plist;
				IPHONEOS_DEPLOYMENT_TARGET = 10.0;
				LD_RUNPATH_SEARCH_PATHS = (
					"$(inherited)",
					"@executable_path/Frameworks",
				);
				PRODUCT_BUNDLE_IDENTIFIER = CGP.BerlinClock;
				PRODUCT_NAME = "$(TARGET_NAME)";
				SWIFT_VERSION = 4.2;
				TARGETED_DEVICE_FAMILY = 1;
			};
			name = Release;
		};
/* End XCBuildConfiguration section */

/* Begin XCConfigurationList section */
		03B906BD21BF9BFC00D95826 /* Build configuration list for PBXProject "BerlinClock" */ = {
			isa = XCConfigurationList;
			buildConfigurations = (
				03B906D221BF9BFD00D95826 /* Debug */,
				03B906D321BF9BFD00D95826 /* Release */,
			);
			defaultConfigurationIsVisible = 0;
			defaultConfigurationName = Release;
		};
		03B906D421BF9BFD00D95826 /* Build configuration list for PBXNativeTarget "BerlinClock" */ = {
			isa = XCConfigurationList;
			buildConfigurations = (
				03B906D521BF9BFD00D95826 /* Debug */,
				03B906D621BF9BFD00D95826 /* Release */,
			);
			defaultConfigurationIsVisible = 0;
			defaultConfigurationName = Release;
		};
/* End XCConfigurationList section */
	};
	rootObject = 03B906BA21BF9BFC00D95826 /* Project object */;
}
